{
  "requires": true,
  "lockfileVersion": 1,
  "dependencies": {
    "ngx-print": {
      "version": "1.2.1",
      "resolved": "https://registry.npmjs.org/ngx-print/-/ngx-print-1.2.1.tgz",
      "integrity": "sha512-+xz5wbVO9N5vAT/W6dgTzbE1RBB1jUeBOSF04Gs66QqTrb46paRAjHgqMr4TvE8CUiTp5aMmkL54QEKat9gj6w==",
      "requires": {
        "tslib": "^1.9.3"
      }
    },
    "tslib": {
      "version": "1.14.1",
      "resolved": "https://registry.npmjs.org/tslib/-/tslib-1.14.1.tgz",
      "integrity": "sha512-Xni35NKzjgMrwevysHTCArtLDpPvye8zV/0E4EyYn43P7/7qvQwPh9BGkHewbMulVntbigmcT7rdX3BNo9wRJg=="
    }
  }
}
