
Microsoft Visual Studio Solution File, Format Version 12.00
# Visual Studio Version 16
VisualStudioVersion = 16.0.31729.503
MinimumVisualStudioVersion = 10.0.40219.1
Project("{FAE04EC0-301F-11D3-BF4B-00C04F79EFBC}") = "PrinterBackground", "PrinterBackground\PrinterBackground.csproj", "{B1D2B450-23A3-46C1-B106-F807BF79C92D}"
EndProject
Global
	GlobalSection(SolutionConfigurationPlatforms) = preSolution
		Debug|Any CPU = Debug|Any CPU
		Release|Any CPU = Release|Any CPU
	EndGlobalSection
	GlobalSection(ProjectConfigurationPlatforms) = postSolution
		{B1D2B450-23A3-46C1-B106-F807BF79C92D}.Debug|Any CPU.ActiveCfg = Debug|Any CPU
		{B1D2B450-23A3-46C1-B106-F807BF79C92D}.Debug|Any CPU.Build.0 = Debug|Any CPU
		{B1D2B450-23A3-46C1-B106-F807BF79C92D}.Release|Any CPU.ActiveCfg = Release|Any CPU
		{B1D2B450-23A3-46C1-B106-F807BF79C92D}.Release|Any CPU.Build.0 = Release|Any CPU
	EndGlobalSection
	GlobalSection(SolutionProperties) = preSolution
		HideSolutionNode = FALSE
	EndGlobalSection
	GlobalSection(ExtensibilityGlobals) = postSolution
		SolutionGuid = {DD8E7644-D3D8-4904-8072-F73D9A915518}
	EndGlobalSection
EndGlobal
